
Microsoft Visual Studio Solution File, Format Version 12.00
Project("{FAE04EC0-301F-11D3-BF4B-00C04F79EFBC}") = "ASP.NET_HW_24", "ASP.NET_HW_24.csproj", "{F78FF7B3-2147-4B11-B4D9-B1EB727B8255}"
EndProject
Global
	GlobalSection(SolutionConfigurationPlatforms) = preSolution
		Debug|Any CPU = Debug|Any CPU
		Release|Any CPU = Release|Any CPU
	EndGlobalSection
	GlobalSection(ProjectConfigurationPlatforms) = postSolution
		{F78FF7B3-2147-4B11-B4D9-B1EB727B8255}.Debug|Any CPU.ActiveCfg = Debug|Any CPU
		{F78FF7B3-2147-4B11-B4D9-B1EB727B8255}.Debug|Any CPU.Build.0 = Debug|Any CPU
		{F78FF7B3-2147-4B11-B4D9-B1EB727B8255}.Release|Any CPU.ActiveCfg = Release|Any CPU
		{F78FF7B3-2147-4B11-B4D9-B1EB727B8255}.Release|Any CPU.Build.0 = Release|Any CPU
	EndGlobalSection
EndGlobal
